
Microsoft Visual Studio Solution File, Format Version 12.00
# Visual Studio Version 17
VisualStudioVersion = 17.14.36109.1 d17.14
MinimumVisualStudioVersion = 10.0.40219.1
Project("{FAE04EC0-301F-11D3-BF4B-00C04F79EFBC}") = "Generics", "Generics\Generics.csproj", "{14FBBCF2-6A47-4C87-B63D-E3DCDDE8E5C1}"
EndProject
Global
	GlobalSection(SolutionConfigurationPlatforms) = preSolution
		Debug|Any CPU = Debug|Any CPU
		Release|Any CPU = Release|Any CPU
	EndGlobalSection
	GlobalSection(ProjectConfigurationPlatforms) = postSolution
		{14FBBCF2-6A47-4C87-B63D-E3DCDDE8E5C1}.Debug|Any CPU.ActiveCfg = Debug|Any CPU
		{14FBBCF2-6A47-4C87-B63D-E3DCDDE8E5C1}.Debug|Any CPU.Build.0 = Debug|Any CPU
		{14FBBCF2-6A47-4C87-B63D-E3DCDDE8E5C1}.Release|Any CPU.ActiveCfg = Release|Any CPU
		{14FBBCF2-6A47-4C87-B63D-E3DCDDE8E5C1}.Release|Any CPU.Build.0 = Release|Any CPU
	EndGlobalSection
	GlobalSection(SolutionProperties) = preSolution
		HideSolutionNode = FALSE
	EndGlobalSection
	GlobalSection(ExtensibilityGlobals) = postSolution
		SolutionGuid = {E02690D7-9FE3-4428-A8D5-1619AE7E784D}
	EndGlobalSection
EndGlobal
