
Microsoft Visual Studio Solution File, Format Version 12.00
# Visual Studio Version 17
VisualStudioVersion = 17.14.36109.1
MinimumVisualStudioVersion = 10.0.40219.1
Project("{FAE04EC0-301F-11D3-BF4B-00C04F79EFBC}") = "Generics", "Generics\Generics.csproj", "{14FBBCF2-6A47-4C87-B63D-E3DCDDE8E5C1}"
EndProject
Project("{FAE04EC0-301F-11D3-BF4B-00C04F79EFBC}") = "ExtensionsMethods", "ExtensionsMethods\ExtensionsMethods.csproj", "{7F945E4B-5AB9-4D76-9AB5-56EB451DFBEA}"
EndProject
Project("{FAE04EC0-301F-11D3-BF4B-00C04F79EFBC}") = "Reference", "Reference\Reference.csproj", "{823FEA04-048B-43A3-9DDC-C0661ABE062C}"
EndProject
Project("{FAE04EC0-301F-11D3-BF4B-00C04F79EFBC}") = "Inmutability", "Inmutability\Inmutability.csproj", "{906DD303-113E-4DD7-A75C-9171C0966498}"
EndProject
Project("{FAE04EC0-301F-11D3-BF4B-00C04F79EFBC}") = "Records", "Records\Records.csproj", "{F4A35D0D-31D3-4B85-A99D-15B23744D069}"
EndProject
Global
	GlobalSection(SolutionConfigurationPlatforms) = preSolution
		Debug|Any CPU = Debug|Any CPU
		Release|Any CPU = Release|Any CPU
	EndGlobalSection
	GlobalSection(ProjectConfigurationPlatforms) = postSolution
		{14FBBCF2-6A47-4C87-B63D-E3DCDDE8E5C1}.Debug|Any CPU.ActiveCfg = Debug|Any CPU
		{14FBBCF2-6A47-4C87-B63D-E3DCDDE8E5C1}.Debug|Any CPU.Build.0 = Debug|Any CPU
		{14FBBCF2-6A47-4C87-B63D-E3DCDDE8E5C1}.Release|Any CPU.ActiveCfg = Release|Any CPU
		{14FBBCF2-6A47-4C87-B63D-E3DCDDE8E5C1}.Release|Any CPU.Build.0 = Release|Any CPU
		{7F945E4B-5AB9-4D76-9AB5-56EB451DFBEA}.Debug|Any CPU.ActiveCfg = Debug|Any CPU
		{7F945E4B-5AB9-4D76-9AB5-56EB451DFBEA}.Debug|Any CPU.Build.0 = Debug|Any CPU
		{7F945E4B-5AB9-4D76-9AB5-56EB451DFBEA}.Release|Any CPU.ActiveCfg = Release|Any CPU
		{7F945E4B-5AB9-4D76-9AB5-56EB451DFBEA}.Release|Any CPU.Build.0 = Release|Any CPU
		{823FEA04-048B-43A3-9DDC-C0661ABE062C}.Debug|Any CPU.ActiveCfg = Debug|Any CPU
		{823FEA04-048B-43A3-9DDC-C0661ABE062C}.Debug|Any CPU.Build.0 = Debug|Any CPU
		{823FEA04-048B-43A3-9DDC-C0661ABE062C}.Release|Any CPU.ActiveCfg = Release|Any CPU
		{823FEA04-048B-43A3-9DDC-C0661ABE062C}.Release|Any CPU.Build.0 = Release|Any CPU
		{906DD303-113E-4DD7-A75C-9171C0966498}.Debug|Any CPU.ActiveCfg = Debug|Any CPU
		{906DD303-113E-4DD7-A75C-9171C0966498}.Debug|Any CPU.Build.0 = Debug|Any CPU
		{906DD303-113E-4DD7-A75C-9171C0966498}.Release|Any CPU.ActiveCfg = Release|Any CPU
		{906DD303-113E-4DD7-A75C-9171C0966498}.Release|Any CPU.Build.0 = Release|Any CPU
		{F4A35D0D-31D3-4B85-A99D-15B23744D069}.Debug|Any CPU.ActiveCfg = Debug|Any CPU
		{F4A35D0D-31D3-4B85-A99D-15B23744D069}.Debug|Any CPU.Build.0 = Debug|Any CPU
		{F4A35D0D-31D3-4B85-A99D-15B23744D069}.Release|Any CPU.ActiveCfg = Release|Any CPU
		{F4A35D0D-31D3-4B85-A99D-15B23744D069}.Release|Any CPU.Build.0 = Release|Any CPU
	EndGlobalSection
	GlobalSection(SolutionProperties) = preSolution
		HideSolutionNode = FALSE
	EndGlobalSection
	GlobalSection(ExtensibilityGlobals) = postSolution
		SolutionGuid = {E02690D7-9FE3-4428-A8D5-1619AE7E784D}
	EndGlobalSection
EndGlobal
